<?xml version="1.0" encoding="utf-8"?>
<Project ToolsVersion="4.0" xmlns="http://schemas.microsoft.com/developer/msbuild/2003">
  <ItemGroup>
    <ClCompile Include="Src\XC_CoreScript.cpp">
      <Filter>Src</Filter>
    </ClCompile>
    <ClCompile Include="Src\XC_Generic.cpp">
      <Filter>Src</Filter>
    </ClCompile>
    <ClCompile Include="Src\XC_Globals.cpp">
      <Filter>Src</Filter>
    </ClCompile>
    <ClCompile Include="Src\XC_LZMA.cpp">
      <Filter>Src</Filter>
    </ClCompile>
    <ClCompile Include="Src\XC_Networking.cpp">
      <Filter>Src</Filter>
    </ClCompile>
    <ClCompile Include="Src\Devices.cpp">
      <Filter>Src</Filter>
    </ClCompile>
    <ClCompile Include="Src\XC_Visuals.cpp">
      <Filter>Src</Filter>
    </ClCompile>
    <ClCompile Include="Src\EditorAdds.cpp">
      <Filter>Src</Filter>
    </ClCompile>
    <ClCompile Include="Src\PathBuilder.cpp">
      <Filter>Src</Filter>
    </ClCompile>
    <ClCompile Include="Src\RouteMapper.cpp">
      <Filter>Src</Filter>
    </ClCompile>
    <ClCompile Include="Src\ScriptCompilerAdds.cpp">
      <Filter>Src</Filter>
    </ClCompile>
  </ItemGroup>
  <ItemGroup>
    <Filter Include="Src">
      <UniqueIdentifier>{6051d25a-d45c-4a0f-b40f-3a97253b259b}</UniqueIdentifier>
    </Filter>
    <Filter Include="Inc">
      <UniqueIdentifier>{d2862677-582a-411c-b896-abb67e197885}</UniqueIdentifier>
    </Filter>
  </ItemGroup>
  <ItemGroup>
    <ClInclude Include="Inc\XC_Core.h">
      <Filter>Inc</Filter>
    </ClInclude>
    <ClInclude Include="Inc\API_FunctionLoader.h">
      <Filter>Inc</Filter>
    </ClInclude>
    <ClInclude Include="Inc\Devices.h">
      <Filter>Inc</Filter>
    </ClInclude>
    <ClInclude Include="Inc\FPackageFileSummary.h">
      <Filter>Inc</Filter>
    </ClInclude>
    <ClInclude Include="Inc\UnXC_Arc.h">
      <Filter>Inc</Filter>
    </ClInclude>
    <ClInclude Include="Inc\UnXC_Math.h">
      <Filter>Inc</Filter>
    </ClInclude>
    <ClInclude Include="Inc\XC_Commandlets.h">
      <Filter>Inc</Filter>
    </ClInclude>
    <ClInclude Include="Inc\XC_CoreClasses.h">
      <Filter>Inc</Filter>
    </ClInclude>
    <ClInclude Include="Inc\XC_CoreGlobals.h">
      <Filter>Inc</Filter>
    </ClInclude>
    <ClInclude Include="Inc\XC_CoreObj.h">
      <Filter>Inc</Filter>
    </ClInclude>
    <ClInclude Include="Inc\XC_Download.h">
      <Filter>Inc</Filter>
    </ClInclude>
    <ClInclude Include="Inc\XC_LZMA.h">
      <Filter>Inc</Filter>
    </ClInclude>
    <ClInclude Include="Inc\XC_Networking.h">
      <Filter>Inc</Filter>
    </ClInclude>
    <ClInclude Include="Inc\FMallocThreadedProxy.h">
      <Filter>Inc</Filter>
    </ClInclude>
    <ClInclude Include="Inc\UnXC_Script.h">
      <Filter>Inc</Filter>
    </ClInclude>
  </ItemGroup>
</Project>